# THIS IS AN AUTOGENERATED FILE. DO NOT EDIT THIS FILE DIRECTLY.
# yarn lockfile v1


"@types/murmurhash@^2.0.0":
  version "2.0.0"
  resolved "https://registry.yarnpkg.com/@types/murmurhash/-/murmurhash-2.0.0.tgz#31de9549153d1a43bb32c3f0a02dbb2c657644a6"
  integrity sha512-AYKjtkyGM6Stia77QpgOwmxJs4cPhFr2/pjufU7aiOkhd81tfBcPyW35gT2OpBLJiZePoJc4dsQ1pYFaUt26xQ==
  dependencies:
    murmurhash "*"

featurehub-javascript-client-sdk@^1.0.9:
  version "1.0.9"
  resolved "https://registry.yarnpkg.com/featurehub-javascript-client-sdk/-/featurehub-javascript-client-sdk-1.0.9.tgz#205257cef154a566a8c71dd50f55be9379fb81a7"
  integrity sha512-nGTM2eX53gOn2EnADe42XWBboWRA3POYWXSbza6EtTRMvA+Ro0Nv3MrBZyiLCFLlolaLJeRH3jqSRgOY8zNWbg==
  dependencies:
    "@types/murmurhash" "^2.0.0"
    murmurhash "^2.0.0"
    netmask "^2.0.2"
    semver-compare "^1.0.0"

murmurhash@*, murmurhash@^2.0.0:
  version "2.0.0"
  resolved "https://registry.yarnpkg.com/murmurhash/-/murmurhash-2.0.0.tgz#556779daf7c39a0d2a3f5a9d080d84bf4833f9ee"
  integrity sha512-Uo7ZHw+PLe2Q8/qbPIVYxAaoi+TYGZwu1a8ryeeASRXJLRSaLCblAGfjh02eu4+/9aUJBpkHXZv42AXmzOW2kw==

netmask@^2.0.2:
  version "2.0.2"
  resolved "https://registry.yarnpkg.com/netmask/-/netmask-2.0.2.tgz#8b01a07644065d536383835823bc52004ebac5e7"
  integrity sha512-dBpDMdxv9Irdq66304OLfEmQ9tbNRFnFTuZiLo+bD+r332bBmMJ8GBLXklIXXgxd3+v9+KUnZaUR5PJMa75Gsg==

semver-compare@^1.0.0:
  version "1.0.0"
  resolved "https://registry.yarnpkg.com/semver-compare/-/semver-compare-1.0.0.tgz#0dee216a1c941ab37e9efb1788f6afc5ff5537fc"
  integrity sha1-De4hahyUGrN+nvsXiPavxf9VN/w=
